
Microsoft Visual Studio Solution File, Format Version 12.00
# Visual Studio 2012
Project("{FAE04EC0-301F-11D3-BF4B-00C04F79EFBC}") = "Conexao", "Conexao.csproj", "{AB076C57-4E62-43B1-82DA-08897F24C3AC}"
EndProject
Global
	GlobalSection(SolutionConfigurationPlatforms) = preSolution
		Debug|Any CPU = Debug|Any CPU
		Release|Any CPU = Release|Any CPU
	EndGlobalSection
	GlobalSection(ProjectConfigurationPlatforms) = postSolution
		{AB076C57-4E62-43B1-82DA-08897F24C3AC}.Debug|Any CPU.ActiveCfg = Debug|Any CPU
		{AB076C57-4E62-43B1-82DA-08897F24C3AC}.Debug|Any CPU.Build.0 = Debug|Any CPU
		{AB076C57-4E62-43B1-82DA-08897F24C3AC}.Release|Any CPU.ActiveCfg = Release|Any CPU
		{AB076C57-4E62-43B1-82DA-08897F24C3AC}.Release|Any CPU.Build.0 = Release|Any CPU
	EndGlobalSection
	GlobalSection(SolutionProperties) = preSolution
		HideSolutionNode = FALSE
	EndGlobalSection
EndGlobal
